
Microsoft Visual Studio Solution File, Format Version 12.00
# Visual Studio Version 17
VisualStudioVersion = 17.6.33829.357
MinimumVisualStudioVersion = 10.0.40219.1
Project("{FAE04EC0-301F-11D3-BF4B-00C04F79EFBC}") = "MyStrore", "MyStrore\MyStrore.csproj", "{BCC2ABA1-F40D-47C9-9BD8-F4ACBC59B1A7}"
EndProject
Global
	GlobalSection(SolutionConfigurationPlatforms) = preSolution
		Debug|Any CPU = Debug|Any CPU
		Release|Any CPU = Release|Any CPU
	EndGlobalSection
	GlobalSection(ProjectConfigurationPlatforms) = postSolution
		{BCC2ABA1-F40D-47C9-9BD8-F4ACBC59B1A7}.Debug|Any CPU.ActiveCfg = Debug|Any CPU
		{BCC2ABA1-F40D-47C9-9BD8-F4ACBC59B1A7}.Debug|Any CPU.Build.0 = Debug|Any CPU
		{BCC2ABA1-F40D-47C9-9BD8-F4ACBC59B1A7}.Release|Any CPU.ActiveCfg = Release|Any CPU
		{BCC2ABA1-F40D-47C9-9BD8-F4ACBC59B1A7}.Release|Any CPU.Build.0 = Release|Any CPU
	EndGlobalSection
	GlobalSection(SolutionProperties) = preSolution
		HideSolutionNode = FALSE
	EndGlobalSection
	GlobalSection(ExtensibilityGlobals) = postSolution
		SolutionGuid = {333D9B80-280E-4557-BBE2-86DE41AD18DD}
	EndGlobalSection
EndGlobal
